
Microsoft Visual Studio Solution File, Format Version 12.00
# Visual Studio Version 16
VisualStudioVersion = 16.0.29306.81
MinimumVisualStudioVersion = 10.0.40219.1
Project("{FAE04EC0-301F-11D3-BF4B-00C04F79EFBC}") = "EpicGame", "EpicGame\EpicGame.csproj", "{913CEB27-D60B-4D6D-BB36-24CAE71E490C}"
EndProject
Project("{00D1A9C2-B5F0-4AF3-8072-F6C62B433612}") = "EpicGameDataBase", "EpicGameDataBase\EpicGameDataBase.sqlproj", "{89BCFDC4-A2E9-43D2-BCEA-CFFB4FD2BE90}"
EndProject
Project("{FAE04EC0-301F-11D3-BF4B-00C04F79EFBC}") = "EpicGameWeb", "EpicGameWeb\EpicGameWeb.csproj", "{EF1ED7EC-1F5A-47BF-BE5E-11F8C7404A29}"
EndProject
Global
	GlobalSection(SolutionConfigurationPlatforms) = preSolution
		Debug|Any CPU = Debug|Any CPU
		Release|Any CPU = Release|Any CPU
	EndGlobalSection
	GlobalSection(ProjectConfigurationPlatforms) = postSolution
		{913CEB27-D60B-4D6D-BB36-24CAE71E490C}.Debug|Any CPU.ActiveCfg = Debug|Any CPU
		{913CEB27-D60B-4D6D-BB36-24CAE71E490C}.Debug|Any CPU.Build.0 = Debug|Any CPU
		{913CEB27-D60B-4D6D-BB36-24CAE71E490C}.Release|Any CPU.ActiveCfg = Release|Any CPU
		{913CEB27-D60B-4D6D-BB36-24CAE71E490C}.Release|Any CPU.Build.0 = Release|Any CPU
		{89BCFDC4-A2E9-43D2-BCEA-CFFB4FD2BE90}.Debug|Any CPU.ActiveCfg = Debug|Any CPU
		{89BCFDC4-A2E9-43D2-BCEA-CFFB4FD2BE90}.Debug|Any CPU.Build.0 = Debug|Any CPU
		{89BCFDC4-A2E9-43D2-BCEA-CFFB4FD2BE90}.Debug|Any CPU.Deploy.0 = Debug|Any CPU
		{89BCFDC4-A2E9-43D2-BCEA-CFFB4FD2BE90}.Release|Any CPU.ActiveCfg = Release|Any CPU
		{89BCFDC4-A2E9-43D2-BCEA-CFFB4FD2BE90}.Release|Any CPU.Build.0 = Release|Any CPU
		{89BCFDC4-A2E9-43D2-BCEA-CFFB4FD2BE90}.Release|Any CPU.Deploy.0 = Release|Any CPU
		{EF1ED7EC-1F5A-47BF-BE5E-11F8C7404A29}.Debug|Any CPU.ActiveCfg = Debug|Any CPU
		{EF1ED7EC-1F5A-47BF-BE5E-11F8C7404A29}.Debug|Any CPU.Build.0 = Debug|Any CPU
		{EF1ED7EC-1F5A-47BF-BE5E-11F8C7404A29}.Release|Any CPU.ActiveCfg = Release|Any CPU
		{EF1ED7EC-1F5A-47BF-BE5E-11F8C7404A29}.Release|Any CPU.Build.0 = Release|Any CPU
	EndGlobalSection
	GlobalSection(SolutionProperties) = preSolution
		HideSolutionNode = FALSE
	EndGlobalSection
	GlobalSection(ExtensibilityGlobals) = postSolution
		SolutionGuid = {2CECB5C7-FD72-4DAF-8D7D-623F10EDF085}
	EndGlobalSection
EndGlobal
